
Microsoft Visual Studio Solution File, Format Version 12.00
# Visual Studio Version 18
VisualStudioVersion = 18.6.11806.211 stable
MinimumVisualStudioVersion = 10.0.40219.1
Project("{FAE04EC0-301F-11D3-BF4B-00C04F79EFBC}") = "MyCompanyWebsite", "MyCompanyWebsite.csproj", "{A7A4D05F-9BF5-F185-9531-71262EE594CF}"
EndProject
Global
	GlobalSection(SolutionConfigurationPlatforms) = preSolution
		Debug|Any CPU = Debug|Any CPU
		Release|Any CPU = Release|Any CPU
	EndGlobalSection
	GlobalSection(ProjectConfigurationPlatforms) = postSolution
		{A7A4D05F-9BF5-F185-9531-71262EE594CF}.Debug|Any CPU.ActiveCfg = Debug|Any CPU
		{A7A4D05F-9BF5-F185-9531-71262EE594CF}.Debug|Any CPU.Build.0 = Debug|Any CPU
		{A7A4D05F-9BF5-F185-9531-71262EE594CF}.Release|Any CPU.ActiveCfg = Release|Any CPU
		{A7A4D05F-9BF5-F185-9531-71262EE594CF}.Release|Any CPU.Build.0 = Release|Any CPU
	EndGlobalSection
	GlobalSection(SolutionProperties) = preSolution
		HideSolutionNode = FALSE
	EndGlobalSection
	GlobalSection(ExtensibilityGlobals) = postSolution
		SolutionGuid = {34F68C67-EBAE-46A4-8EB1-E54D6C25DD19}
	EndGlobalSection
EndGlobal
